// !$*UTF8*$!
{
	archiveVersion = 1;
	classes = {
	};
	objectVersion = 56;
	objects = {

/* Begin PBXBuildFile section */
		C7370F312D68EF0A00B0AF57 /* AppleNewsUITestsApp.swift in Sources */ = {isa = PBXBuildFile; fileRef = C7370F302D68EF0A00B0AF57 /* AppleNewsUITestsApp.swift */; };
		C7370F332D68EF0A00B0AF57 /* ContentView.swift in Sources */ = {isa = PBXBuildFile; fileRef = C7370F322D68EF0A00B0AF57 /* ContentView.swift */; };
		C7370F352D68EF0C00B0AF57 /* Assets.xcassets in Resources */ = {isa = PBXBuildFile; fileRef = C7370F342D68EF0C00B0AF57 /* Assets.xcassets */; };
		C7370F382D68EF0C00B0AF57 /* Preview Assets.xcassets in Resources */ = {isa = PBXBuildFile; fileRef = C7370F372D68EF0C00B0AF57 /* Preview Assets.xcassets */; };
		C7370F422D68EF0F00B0AF57 /* AppleNewsUITestsTests.swift in Sources */ = {isa = PBXBuildFile; fileRef = C7370F412D68EF0F00B0AF57 /* AppleNewsUITestsTests.swift */; };
		C7370F4C2D68EF0F00B0AF57 /* AppleNewsUITestsUITests.swift in Sources */ = {isa = PBXBuildFile; fileRef = C7370F4B2D68EF0F00B0AF57 /* AppleNewsUITestsUITests.swift */; };
		C7370F4E2D68EF0F00B0AF57 /* AppleNewsUITestsUITestsLaunchTests.swift in Sources */ = {isa = PBXBuildFile; fileRef = C7370F4D2D68EF0F00B0AF57 /* AppleNewsUITestsUITestsLaunchTests.swift */; };
/* End PBXBuildFile section */

/* Begin PBXContainerItemProxy section */
		C7370F3E2D68EF0F00B0AF57 /* PBXContainerItemProxy */ = {
			isa = PBXContainerItemProxy;
			containerPortal = C7370F252D68EF0A00B0AF57 /* Project object */;
			proxyType = 1;
			remoteGlobalIDString = C7370F2C2D68EF0A00B0AF57;
			remoteInfo = AppleNewsUITests;
		};
		C7370F482D68EF0F00B0AF57 /* PBXContainerItemProxy */ = {
			isa = PBXContainerItemProxy;
			containerPortal = C7370F252D68EF0A00B0AF57 /* Project object */;
			proxyType = 1;
			remoteGlobalIDString = C7370F2C2D68EF0A00B0AF57;
			remoteInfo = AppleNewsUITests;
		};
/* End PBXContainerItemProxy section */

/* Begin PBXFileReference section */
		C7370F2D2D68EF0A00B0AF57 /* AppleNewsUITests.app */ = {isa = PBXFileReference; explicitFileType = wrapper.application; includeInIndex = 0; path = AppleNewsUITests.app; sourceTree = BUILT_PRODUCTS_DIR; };
		C7370F302D68EF0A00B0AF57 /* AppleNewsUITestsApp.swift */ = {isa = PBXFileReference; lastKnownFileType = sourcecode.swift; path = AppleNewsUITestsApp.swift; sourceTree = "<group>"; };
		C7370F322D68EF0A00B0AF57 /* ContentView.swift */ = {isa = PBXFileReference; lastKnownFileType = sourcecode.swift; path = ContentView.swift; sourceTree = "<group>"; };
		C7370F342D68EF0C00B0AF57 /* Assets.xcassets */ = {isa = PBXFileReference; lastKnownFileType = folder.assetcatalog; path = Assets.xcassets; sourceTree = "<group>"; };
		C7370F372D68EF0C00B0AF57 /* Preview Assets.xcassets */ = {isa = PBXFileReference; lastKnownFileType = folder.assetcatalog; path = "Preview Assets.xcassets"; sourceTree = "<group>"; };
		C7370F3D2D68EF0F00B0AF57 /* AppleNewsUITestsTests.xctest */ = {isa = PBXFileReference; explicitFileType = wrapper.cfbundle; includeInIndex = 0; path = AppleNewsUITestsTests.xctest; sourceTree = BUILT_PRODUCTS_DIR; };
		C7370F412D68EF0F00B0AF57 /* AppleNewsUITestsTests.swift */ = {isa = PBXFileReference; lastKnownFileType = sourcecode.swift; path = AppleNewsUITestsTests.swift; sourceTree = "<group>"; };
		C7370F472D68EF0F00B0AF57 /* AppleNewsUITestsUITests.xctest */ = {isa = PBXFileReference; explicitFileType = wrapper.cfbundle; includeInIndex = 0; path = AppleNewsUITestsUITests.xctest; sourceTree = BUILT_PRODUCTS_DIR; };
		C7370F4B2D68EF0F00B0AF57 /* AppleNewsUITestsUITests.swift */ = {isa = PBXFileReference; lastKnownFileType = sourcecode.swift; path = AppleNewsUITestsUITests.swift; sourceTree = "<group>"; };
		C7370F4D2D68EF0F00B0AF57 /* AppleNewsUITestsUITestsLaunchTests.swift */ = {isa = PBXFileReference; lastKnownFileType = sourcecode.swift; path = AppleNewsUITestsUITestsLaunchTests.swift; sourceTree = "<group>"; };
/* End PBXFileReference section */

/* Begin PBXFrameworksBuildPhase section */
		C7370F2A2D68EF0A00B0AF57 /* Frameworks */ = {
			isa = PBXFrameworksBuildPhase;
			buildActionMask = 2147483647;
			files = (
			);
			runOnlyForDeploymentPostprocessing = 0;
		};
		C7370F3A2D68EF0F00B0AF57 /* Frameworks */ = {
			isa = PBXFrameworksBuildPhase;
			buildActionMask = 2147483647;
			files = (
			);
			runOnlyForDeploymentPostprocessing = 0;
		};
		C7370F442D68EF0F00B0AF57 /* Frameworks */ = {
			isa = PBXFrameworksBuildPhase;
			buildActionMask = 2147483647;
			files = (
			);
			runOnlyForDeploymentPostprocessing = 0;
		};
/* End PBXFrameworksBuildPhase section */

/* Begin PBXGroup section */
		C7370F242D68EF0A00B0AF57 = {
			isa = PBXGroup;
			children = (
				C7370F2F2D68EF0A00B0AF57 /* AppleNewsUITests */,
				C7370F402D68EF0F00B0AF57 /* AppleNewsUITestsTests */,
				C7370F4A2D68EF0F00B0AF57 /* AppleNewsUITestsUITests */,
				C7370F2E2D68EF0A00B0AF57 /* Products */,
			);
			sourceTree = "<group>";
		};
		C7370F2E2D68EF0A00B0AF57 /* Products */ = {
			isa = PBXGroup;
			children = (
				C7370F2D2D68EF0A00B0AF57 /* AppleNewsUITests.app */,
				C7370F3D2D68EF0F00B0AF57 /* AppleNewsUITestsTests.xctest */,
				C7370F472D68EF0F00B0AF57 /* AppleNewsUITestsUITests.xctest */,
			);
			name = Products;
			sourceTree = "<group>";
		};
		C7370F2F2D68EF0A00B0AF57 /* AppleNewsUITests */ = {
			isa = PBXGroup;
			children = (
				C7370F302D68EF0A00B0AF57 /* AppleNewsUITestsApp.swift */,
				C7370F322D68EF0A00B0AF57 /* ContentView.swift */,
				C7370F342D68EF0C00B0AF57 /* Assets.xcassets */,
				C7370F362D68EF0C00B0AF57 /* Preview Content */,
			);
			path = AppleNewsUITests;
			sourceTree = "<group>";
		};
		C7370F362D68EF0C00B0AF57 /* Preview Content */ = {
			isa = PBXGroup;
			children = (
				C7370F372D68EF0C00B0AF57 /* Preview Assets.xcassets */,
			);
			path = "Preview Content";
			sourceTree = "<group>";
		};
		C7370F402D68EF0F00B0AF57 /* AppleNewsUITestsTests */ = {
			isa = PBXGroup;
			children = (
				C7370F412D68EF0F00B0AF57 /* AppleNewsUITestsTests.swift */,
			);
			path = AppleNewsUITestsTests;
			sourceTree = "<group>";
		};
		C7370F4A2D68EF0F00B0AF57 /* AppleNewsUITestsUITests */ = {
			isa = PBXGroup;
			children = (
				C7370F4B2D68EF0F00B0AF57 /* AppleNewsUITestsUITests.swift */,
				C7370F4D2D68EF0F00B0AF57 /* AppleNewsUITestsUITestsLaunchTests.swift */,
			);
			path = AppleNewsUITestsUITests;
			sourceTree = "<group>";
		};
/* End PBXGroup section */

/* Begin PBXNativeTarget section */
		C7370F2C2D68EF0A00B0AF57 /* AppleNewsUITests */ = {
			isa = PBXNativeTarget;
			buildConfigurationList = C7370F512D68EF0F00B0AF57 /* Build configuration list for PBXNativeTarget "AppleNewsUITests" */;
			buildPhases = (
				C7370F292D68EF0A00B0AF57 /* Sources */,
				C7370F2A2D68EF0A00B0AF57 /* Frameworks */,
				C7370F2B2D68EF0A00B0AF57 /* Resources */,
			);
			buildRules = (
			);
			dependencies = (
			);
			name = AppleNewsUITests;
			productName = AppleNewsUITests;
			productReference = C7370F2D2D68EF0A00B0AF57 /* AppleNewsUITests.app */;
			productType = "com.apple.product-type.application";
		};
		C7370F3C2D68EF0F00B0AF57 /* AppleNewsUITestsTests */ = {
			isa = PBXNativeTarget;
			buildConfigurationList = C7370F542D68EF0F00B0AF57 /* Build configuration list for PBXNativeTarget "AppleNewsUITestsTests" */;
			buildPhases = (
				C7370F392D68EF0F00B0AF57 /* Sources */,
				C7370F3A2D68EF0F00B0AF57 /* Frameworks */,
				C7370F3B2D68EF0F00B0AF57 /* Resources */,
			);
			buildRules = (
			);
			dependencies = (
				C7370F3F2D68EF0F00B0AF57 /* PBXTargetDependency */,
			);
			name = AppleNewsUITestsTests;
			productName = AppleNewsUITestsTests;
			productReference = C7370F3D2D68EF0F00B0AF57 /* AppleNewsUITestsTests.xctest */;
			productType = "com.apple.product-type.bundle.unit-test";
		};
		C7370F462D68EF0F00B0AF57 /* AppleNewsUITestsUITests */ = {
			isa = PBXNativeTarget;
			buildConfigurationList = C7370F572D68EF0F00B0AF57 /* Build configuration list for PBXNativeTarget "AppleNewsUITestsUITests" */;
			buildPhases = (
				C7370F432D68EF0F00B0AF57 /* Sources */,
				C7370F442D68EF0F00B0AF57 /* Frameworks */,
				C7370F452D68EF0F00B0AF57 /* Resources */,
			);
			buildRules = (
			);
			dependencies = (
				C7370F492D68EF0F00B0AF57 /* PBXTargetDependency */,
			);
			name = AppleNewsUITestsUITests;
			productName = AppleNewsUITestsUITests;
			productReference = C7370F472D68EF0F00B0AF57 /* AppleNewsUITestsUITests.xctest */;
			productType = "com.apple.product-type.bundle.ui-testing";
		};
/* End PBXNativeTarget section */

/* Begin PBXProject section */
		C7370F252D68EF0A00B0AF57 /* Project object */ = {
			isa = PBXProject;
			attributes = {
				BuildIndependentTargetsInParallel = 1;
				LastSwiftUpdateCheck = 1530;
				LastUpgradeCheck = 1530;
				TargetAttributes = {
					C7370F2C2D68EF0A00B0AF57 = {
						CreatedOnToolsVersion = 15.3;
					};
					C7370F3C2D68EF0F00B0AF57 = {
						CreatedOnToolsVersion = 15.3;
						TestTargetID = C7370F2C2D68EF0A00B0AF57;
					};
					C7370F462D68EF0F00B0AF57 = {
						CreatedOnToolsVersion = 15.3;
						TestTargetID = C7370F2C2D68EF0A00B0AF57;
					};
				};
			};
			buildConfigurationList = C7370F282D68EF0A00B0AF57 /* Build configuration list for PBXProject "AppleNewsUITests" */;
			compatibilityVersion = "Xcode 14.0";
			developmentRegion = en;
			hasScannedForEncodings = 0;
			knownRegions = (
				en,
				Base,
			);
			mainGroup = C7370F242D68EF0A00B0AF57;
			productRefGroup = C7370F2E2D68EF0A00B0AF57 /* Products */;
			projectDirPath = "";
			projectRoot = "";
			targets = (
				C7370F2C2D68EF0A00B0AF57 /* AppleNewsUITests */,
				C7370F3C2D68EF0F00B0AF57 /* AppleNewsUITestsTests */,
				C7370F462D68EF0F00B0AF57 /* AppleNewsUITestsUITests */,
			);
		};
/* End PBXProject section */

/* Begin PBXResourcesBuildPhase section */
		C7370F2B2D68EF0A00B0AF57 /* Resources */ = {
			isa = PBXResourcesBuildPhase;
			buildActionMask = 2147483647;
			files = (
				C7370F382D68EF0C00B0AF57 /* Preview Assets.xcassets in Resources */,
				C7370F352D68EF0C00B0AF57 /* Assets.xcassets in Resources */,
			);
			runOnlyForDeploymentPostprocessing = 0;
		};
		C7370F3B2D68EF0F00B0AF57 /* Resources */ = {
			isa = PBXResourcesBuildPhase;
			buildActionMask = 2147483647;
			files = (
			);
			runOnlyForDeploymentPostprocessing = 0;
		};
		C7370F452D68EF0F00B0AF57 /* Resources */ = {
			isa = PBXResourcesBuildPhase;
			buildActionMask = 2147483647;
			files = (
			);
			runOnlyForDeploymentPostprocessing = 0;
		};
/* End PBXResourcesBuildPhase section */

/* Begin PBXSourcesBuildPhase section */
		C7370F292D68EF0A00B0AF57 /* Sources */ = {
			isa = PBXSourcesBuildPhase;
			buildActionMask = 2147483647;
			files = (
				C7370F332D68EF0A00B0AF57 /* ContentView.swift in Sources */,
				C7370F312D68EF0A00B0AF57 /* AppleNewsUITestsApp.swift in Sources */,
			);
			runOnlyForDeploymentPostprocessing = 0;
		};
		C7370F392D68EF0F00B0AF57 /* Sources */ = {
			isa = PBXSourcesBuildPhase;
			buildActionMask = 2147483647;
			files = (
				C7370F422D68EF0F00B0AF57 /* AppleNewsUITestsTests.swift in Sources */,
			);
			runOnlyForDeploymentPostprocessing = 0;
		};
		C7370F432D68EF0F00B0AF57 /* Sources */ = {
			isa = PBXSourcesBuildPhase;
			buildActionMask = 2147483647;
			files = (
				C7370F4E2D68EF0F00B0AF57 /* AppleNewsUITestsUITestsLaunchTests.swift in Sources */,
				C7370F4C2D68EF0F00B0AF57 /* AppleNewsUITestsUITests.swift in Sources */,
			);
			runOnlyForDeploymentPostprocessing = 0;
		};
/* End PBXSourcesBuildPhase section */

/* Begin PBXTargetDependency section */
		C7370F3F2D68EF0F00B0AF57 /* PBXTargetDependency */ = {
			isa = PBXTargetDependency;
			target = C7370F2C2D68EF0A00B0AF57 /* AppleNewsUITests */;
			targetProxy = C7370F3E2D68EF0F00B0AF57 /* PBXContainerItemProxy */;
		};
		C7370F492D68EF0F00B0AF57 /* PBXTargetDependency */ = {
			isa = PBXTargetDependency;
			target = C7370F2C2D68EF0A00B0AF57 /* AppleNewsUITests */;
			targetProxy = C7370F482D68EF0F00B0AF57 /* PBXContainerItemProxy */;
		};
/* End PBXTargetDependency section */

/* Begin XCBuildConfiguration section */
		C7370F4F2D68EF0F00B0AF57 /* Debug */ = {
			isa = XCBuildConfiguration;
			buildSettings = {
				ALWAYS_SEARCH_USER_PATHS = NO;
				ASSETCATALOG_COMPILER_GENERATE_SWIFT_ASSET_SYMBOL_EXTENSIONS = YES;
				CLANG_ANALYZER_NONNULL = YES;
				CLANG_ANALYZER_NUMBER_OBJECT_CONVERSION = YES_AGGRESSIVE;
				CLANG_CXX_LANGUAGE_STANDARD = "gnu++20";
				CLANG_ENABLE_MODULES = YES;
				CLANG_ENABLE_OBJC_ARC = YES;
				CLANG_ENABLE_OBJC_WEAK = YES;
				CLANG_WARN_BLOCK_CAPTURE_AUTORELEASING = YES;
				CLANG_WARN_BOOL_CONVERSION = YES;
				CLANG_WARN_COMMA = YES;
				CLANG_WARN_CONSTANT_CONVERSION = YES;
				CLANG_WARN_DEPRECATED_OBJC_IMPLEMENTATIONS = YES;
				CLANG_WARN_DIRECT_OBJC_ISA_USAGE = YES_ERROR;
				CLANG_WARN_DOCUMENTATION_COMMENTS = YES;
				CLANG_WARN_EMPTY_BODY = YES;
				CLANG_WARN_ENUM_CONVERSION = YES;
				CLANG_WARN_INFINITE_RECURSION = YES;
				CLANG_WARN_INT_CONVERSION = YES;
				CLANG_WARN_NON_LITERAL_NULL_CONVERSION = YES;
				CLANG_WARN_OBJC_IMPLICIT_RETAIN_SELF = YES;
				CLANG_WARN_OBJC_LITERAL_CONVERSION = YES;
				CLANG_WARN_OBJC_ROOT_CLASS = YES_ERROR;
				CLANG_WARN_QUOTED_INCLUDE_IN_FRAMEWORK_HEADER = YES;
				CLANG_WARN_RANGE_LOOP_ANALYSIS = YES;
				CLANG_WARN_STRICT_PROTOTYPES = YES;
				CLANG_WARN_SUSPICIOUS_MOVE = YES;
				CLANG_WARN_UNGUARDED_AVAILABILITY = YES_AGGRESSIVE;
				CLANG_WARN_UNREACHABLE_CODE = YES;
				CLANG_WARN__DUPLICATE_METHOD_MATCH = YES;
				COPY_PHASE_STRIP = NO;
				DEBUG_INFORMATION_FORMAT = dwarf;
				ENABLE_STRICT_OBJC_MSGSEND = YES;
				ENABLE_TESTABILITY = YES;
				ENABLE_USER_SCRIPT_SANDBOXING = YES;
				GCC_C_LANGUAGE_STANDARD = gnu17;
				GCC_DYNAMIC_NO_PIC = NO;
				GCC_NO_COMMON_BLOCKS = YES;
				GCC_OPTIMIZATION_LEVEL = 0;
				GCC_PREPROCESSOR_DEFINITIONS = (
					"DEBUG=1",
					"$(inherited)",
				);
				GCC_WARN_64_TO_32_BIT_CONVERSION = YES;
				GCC_WARN_ABOUT_RETURN_TYPE = YES_ERROR;
				GCC_WARN_UNDECLARED_SELECTOR = YES;
				GCC_WARN_UNINITIALIZED_AUTOS = YES_AGGRESSIVE;
				GCC_WARN_UNUSED_FUNCTION = YES;
				GCC_WARN_UNUSED_VARIABLE = YES;
				IPHONEOS_DEPLOYMENT_TARGET = 17.4;
				LOCALIZATION_PREFERS_STRING_CATALOGS = YES;
				MTL_ENABLE_DEBUG_INFO = INCLUDE_SOURCE;
				MTL_FAST_MATH = YES;
				ONLY_ACTIVE_ARCH = YES;
				SDKROOT = iphoneos;
				SWIFT_ACTIVE_COMPILATION_CONDITIONS = "DEBUG $(inherited)";
				SWIFT_OPTIMIZATION_LEVEL = "-Onone";
			};
			name = Debug;
		};
		C7370F502D68EF0F00B0AF57 /* Release */ = {
			isa = XCBuildConfiguration;
			buildSettings = {
				ALWAYS_SEARCH_USER_PATHS = NO;
				ASSETCATALOG_COMPILER_GENERATE_SWIFT_ASSET_SYMBOL_EXTENSIONS = YES;
				CLANG_ANALYZER_NONNULL = YES;
				CLANG_ANALYZER_NUMBER_OBJECT_CONVERSION = YES_AGGRESSIVE;
				CLANG_CXX_LANGUAGE_STANDARD = "gnu++20";
				CLANG_ENABLE_MODULES = YES;
				CLANG_ENABLE_OBJC_ARC = YES;
				CLANG_ENABLE_OBJC_WEAK = YES;
				CLANG_WARN_BLOCK_CAPTURE_AUTORELEASING = YES;
				CLANG_WARN_BOOL_CONVERSION = YES;
				CLANG_WARN_COMMA = YES;
				CLANG_WARN_CONSTANT_CONVERSION = YES;
				CLANG_WARN_DEPRECATED_OBJC_IMPLEMENTATIONS = YES;
				CLANG_WARN_DIRECT_OBJC_ISA_USAGE = YES_ERROR;
				CLANG_WARN_DOCUMENTATION_COMMENTS = YES;
				CLANG_WARN_EMPTY_BODY = YES;
				CLANG_WARN_ENUM_CONVERSION = YES;
				CLANG_WARN_INFINITE_RECURSION = YES;
				CLANG_WARN_INT_CONVERSION = YES;
				CLANG_WARN_NON_LITERAL_NULL_CONVERSION = YES;
				CLANG_WARN_OBJC_IMPLICIT_RETAIN_SELF = YES;
				CLANG_WARN_OBJC_LITERAL_CONVERSION = YES;
				CLANG_WARN_OBJC_ROOT_CLASS = YES_ERROR;
				CLANG_WARN_QUOTED_INCLUDE_IN_FRAMEWORK_HEADER = YES;
				CLANG_WARN_RANGE_LOOP_ANALYSIS = YES;
				CLANG_WARN_STRICT_PROTOTYPES = YES;
				CLANG_WARN_SUSPICIOUS_MOVE = YES;
				CLANG_WARN_UNGUARDED_AVAILABILITY = YES_AGGRESSIVE;
				CLANG_WARN_UNREACHABLE_CODE = YES;
				CLANG_WARN__DUPLICATE_METHOD_MATCH = YES;
				COPY_PHASE_STRIP = NO;
				DEBUG_INFORMATION_FORMAT = "dwarf-with-dsym";
				ENABLE_NS_ASSERTIONS = NO;
				ENABLE_STRICT_OBJC_MSGSEND = YES;
				ENABLE_USER_SCRIPT_SANDBOXING = YES;
				GCC_C_LANGUAGE_STANDARD = gnu17;
				GCC_NO_COMMON_BLOCKS = YES;
				GCC_WARN_64_TO_32_BIT_CONVERSION = YES;
				GCC_WARN_ABOUT_RETURN_TYPE = YES_ERROR;
				GCC_WARN_UNDECLARED_SELECTOR = YES;
				GCC_WARN_UNINITIALIZED_AUTOS = YES_AGGRESSIVE;
				GCC_WARN_UNUSED_FUNCTION = YES;
				GCC_WARN_UNUSED_VARIABLE = YES;
				IPHONEOS_DEPLOYMENT_TARGET = 17.4;
				LOCALIZATION_PREFERS_STRING_CATALOGS = YES;
				MTL_ENABLE_DEBUG_INFO = NO;
				MTL_FAST_MATH = YES;
				SDKROOT = iphoneos;
				SWIFT_COMPILATION_MODE = wholemodule;
				VALIDATE_PRODUCT = YES;
			};
			name = Release;
		};
		C7370F522D68EF0F00B0AF57 /* Debug */ = {
			isa = XCBuildConfiguration;
			buildSettings = {
				ASSETCATALOG_COMPILER_APPICON_NAME = AppIcon;
				ASSETCATALOG_COMPILER_GLOBAL_ACCENT_COLOR_NAME = AccentColor;
				CODE_SIGN_STYLE = Automatic;
				CURRENT_PROJECT_VERSION = 1;
				DEVELOPMENT_ASSET_PATHS = "\"AppleNewsUITests/Preview Content\"";
				ENABLE_PREVIEWS = YES;
				GENERATE_INFOPLIST_FILE = YES;
				INFOPLIST_KEY_UIApplicationSceneManifest_Generation = YES;
				INFOPLIST_KEY_UIApplicationSupportsIndirectInputEvents = YES;
				INFOPLIST_KEY_UILaunchScreen_Generation = YES;
				INFOPLIST_KEY_UISupportedInterfaceOrientations_iPad = "UIInterfaceOrientationPortrait UIInterfaceOrientationPortraitUpsideDown UIInterfaceOrientationLandscapeLeft UIInterfaceOrientationLandscapeRight";
				INFOPLIST_KEY_UISupportedInterfaceOrientations_iPhone = "UIInterfaceOrientationPortrait UIInterfaceOrientationLandscapeLeft UIInterfaceOrientationLandscapeRight";
				LD_RUNPATH_SEARCH_PATHS = (
					"$(inherited)",
					"@executable_path/Frameworks",
				);
				MARKETING_VERSION = 1.0;
				PRODUCT_BUNDLE_IDENTIFIER = com.apple.AppleNewsUITests;
				PRODUCT_NAME = "$(TARGET_NAME)";
				SWIFT_EMIT_LOC_STRINGS = YES;
				SWIFT_VERSION = 5.0;
				TARGETED_DEVICE_FAMILY = "1,2";
			};
			name = Debug;
		};
		C7370F532D68EF0F00B0AF57 /* Release */ = {
			isa = XCBuildConfiguration;
			buildSettings = {
				ASSETCATALOG_COMPILER_APPICON_NAME = AppIcon;
				ASSETCATALOG_COMPILER_GLOBAL_ACCENT_COLOR_NAME = AccentColor;
				CODE_SIGN_STYLE = Automatic;
				CURRENT_PROJECT_VERSION = 1;
				DEVELOPMENT_ASSET_PATHS = "\"AppleNewsUITests/Preview Content\"";
				ENABLE_PREVIEWS = YES;
				GENERATE_INFOPLIST_FILE = YES;
				INFOPLIST_KEY_UIApplicationSceneManifest_Generation = YES;
				INFOPLIST_KEY_UIApplicationSupportsIndirectInputEvents = YES;
				INFOPLIST_KEY_UILaunchScreen_Generation = YES;
				INFOPLIST_KEY_UISupportedInterfaceOrientations_iPad = "UIInterfaceOrientationPortrait UIInterfaceOrientationPortraitUpsideDown UIInterfaceOrientationLandscapeLeft UIInterfaceOrientationLandscapeRight";
				INFOPLIST_KEY_UISupportedInterfaceOrientations_iPhone = "UIInterfaceOrientationPortrait UIInterfaceOrientationLandscapeLeft UIInterfaceOrientationLandscapeRight";
				LD_RUNPATH_SEARCH_PATHS = (
					"$(inherited)",
					"@executable_path/Frameworks",
				);
				MARKETING_VERSION = 1.0;
				PRODUCT_BUNDLE_IDENTIFIER = com.apple.AppleNewsUITests;
				PRODUCT_NAME = "$(TARGET_NAME)";
				SWIFT_EMIT_LOC_STRINGS = YES;
				SWIFT_VERSION = 5.0;
				TARGETED_DEVICE_FAMILY = "1,2";
			};
			name = Release;
		};
		C7370F552D68EF0F00B0AF57 /* Debug */ = {
			isa = XCBuildConfiguration;
			buildSettings = {
				ALWAYS_EMBED_SWIFT_STANDARD_LIBRARIES = YES;
				BUNDLE_LOADER = "$(TEST_HOST)";
				CODE_SIGN_STYLE = Automatic;
				CURRENT_PROJECT_VERSION = 1;
				GENERATE_INFOPLIST_FILE = YES;
				IPHONEOS_DEPLOYMENT_TARGET = 17.4;
				MARKETING_VERSION = 1.0;
				PRODUCT_BUNDLE_IDENTIFIER = com.apple.AppleNewsUITestsTests;
				PRODUCT_NAME = "$(TARGET_NAME)";
				SWIFT_EMIT_LOC_STRINGS = NO;
				SWIFT_VERSION = 5.0;
				TARGETED_DEVICE_FAMILY = "1,2";
				TEST_HOST = "$(BUILT_PRODUCTS_DIR)/AppleNewsUITests.app/$(BUNDLE_EXECUTABLE_FOLDER_PATH)/AppleNewsUITests";
			};
			name = Debug;
		};
		C7370F562D68EF0F00B0AF57 /* Release */ = {
			isa = XCBuildConfiguration;
			buildSettings = {
				ALWAYS_EMBED_SWIFT_STANDARD_LIBRARIES = YES;
				BUNDLE_LOADER = "$(TEST_HOST)";
				CODE_SIGN_STYLE = Automatic;
				CURRENT_PROJECT_VERSION = 1;
				GENERATE_INFOPLIST_FILE = YES;
				IPHONEOS_DEPLOYMENT_TARGET = 17.4;
				MARKETING_VERSION = 1.0;
				PRODUCT_BUNDLE_IDENTIFIER = com.apple.AppleNewsUITestsTests;
				PRODUCT_NAME = "$(TARGET_NAME)";
				SWIFT_EMIT_LOC_STRINGS = NO;
				SWIFT_VERSION = 5.0;
				TARGETED_DEVICE_FAMILY = "1,2";
				TEST_HOST = "$(BUILT_PRODUCTS_DIR)/AppleNewsUITests.app/$(BUNDLE_EXECUTABLE_FOLDER_PATH)/AppleNewsUITests";
			};
			name = Release;
		};
		C7370F582D68EF0F00B0AF57 /* Debug */ = {
			isa = XCBuildConfiguration;
			buildSettings = {
				ALWAYS_EMBED_SWIFT_STANDARD_LIBRARIES = YES;
				CODE_SIGN_STYLE = Automatic;
				CURRENT_PROJECT_VERSION = 1;
				GENERATE_INFOPLIST_FILE = YES;
				MARKETING_VERSION = 1.0;
				PRODUCT_BUNDLE_IDENTIFIER = com.apple.AppleNewsUITestsUITests;
				PRODUCT_NAME = "$(TARGET_NAME)";
				SWIFT_EMIT_LOC_STRINGS = NO;
				SWIFT_VERSION = 5.0;
				TARGETED_DEVICE_FAMILY = "1,2";
				TEST_TARGET_NAME = AppleNewsUITests;
			};
			name = Debug;
		};
		C7370F592D68EF0F00B0AF57 /* Release */ = {
			isa = XCBuildConfiguration;
			buildSettings = {
				ALWAYS_EMBED_SWIFT_STANDARD_LIBRARIES = YES;
				CODE_SIGN_STYLE = Automatic;
				CURRENT_PROJECT_VERSION = 1;
				GENERATE_INFOPLIST_FILE = YES;
				MARKETING_VERSION = 1.0;
				PRODUCT_BUNDLE_IDENTIFIER = com.apple.AppleNewsUITestsUITests;
				PRODUCT_NAME = "$(TARGET_NAME)";
				SWIFT_EMIT_LOC_STRINGS = NO;
				SWIFT_VERSION = 5.0;
				TARGETED_DEVICE_FAMILY = "1,2";
				TEST_TARGET_NAME = AppleNewsUITests;
			};
			name = Release;
		};
/* End XCBuildConfiguration section */

/* Begin XCConfigurationList section */
		C7370F282D68EF0A00B0AF57 /* Build configuration list for PBXProject "AppleNewsUITests" */ = {
			isa = XCConfigurationList;
			buildConfigurations = (
				C7370F4F2D68EF0F00B0AF57 /* Debug */,
				C7370F502D68EF0F00B0AF57 /* Release */,
			);
			defaultConfigurationIsVisible = 0;
			defaultConfigurationName = Release;
		};
		C7370F512D68EF0F00B0AF57 /* Build configuration list for PBXNativeTarget "AppleNewsUITests" */ = {
			isa = XCConfigurationList;
			buildConfigurations = (
				C7370F522D68EF0F00B0AF57 /* Debug */,
				C7370F532D68EF0F00B0AF57 /* Release */,
			);
			defaultConfigurationIsVisible = 0;
			defaultConfigurationName = Release;
		};
		C7370F542D68EF0F00B0AF57 /* Build configuration list for PBXNativeTarget "AppleNewsUITestsTests" */ = {
			isa = XCConfigurationList;
			buildConfigurations = (
				C7370F552D68EF0F00B0AF57 /* Debug */,
				C7370F562D68EF0F00B0AF57 /* Release */,
			);
			defaultConfigurationIsVisible = 0;
			defaultConfigurationName = Release;
		};
		C7370F572D68EF0F00B0AF57 /* Build configuration list for PBXNativeTarget "AppleNewsUITestsUITests" */ = {
			isa = XCConfigurationList;
			buildConfigurations = (
				C7370F582D68EF0F00B0AF57 /* Debug */,
				C7370F592D68EF0F00B0AF57 /* Release */,
			);
			defaultConfigurationIsVisible = 0;
			defaultConfigurationName = Release;
		};
/* End XCConfigurationList section */
	};
	rootObject = C7370F252D68EF0A00B0AF57 /* Project object */;
}
